// !$*UTF8*$!
{
	archiveVersion = 1;
	classes = {
	};
	objectVersion = 46;
	objects = {

/* Begin PBXBuildFile section */
		7C690AB51CBA44FC005650D9 /* main.cpp in Sources */ = {isa = PBXBuildFile; fileRef = 7C690AB41CBA44FC005650D9 /* main.cpp */; };
		7C690ABC1CBA450B005650D9 /* OpenGL.framework in Frameworks */ = {isa = PBXBuildFile; fileRef = 7C690ABB1CBA450B005650D9 /* OpenGL.framework */; };
		7C690ABE1CBA451C005650D9 /* GLUT.framework in Frameworks */ = {isa = PBXBuildFile; fileRef = 7C690ABD1CBA451C005650D9 /* GLUT.framework */; };
		7C690AC01CBA4522005650D9 /* Cocoa.framework in Frameworks */ = {isa = PBXBuildFile; fileRef = 7C690ABF1CBA4522005650D9 /* Cocoa.framework */; };
		7C690AC41CBA45B8005650D9 /* Particle.cpp in Sources */ = {isa = PBXBuildFile; fileRef = 7C690AC21CBA45B8005650D9 /* Particle.cpp */; };
		7C690AC71CBA45CA005650D9 /* Spring.cpp in Sources */ = {isa = PBXBuildFile; fileRef = 7C690AC51CBA45CA005650D9 /* Spring.cpp */; };
		7C690AD21CBACD27005650D9 /* geometry.cc in Sources */ = {isa = PBXBuildFile; fileRef = 7C690AD01CBACD27005650D9 /* geometry.cc */; };
		7CEB239F1CBDAD5800700789 /* Cloth.cpp in Sources */ = {isa = PBXBuildFile; fileRef = 7CEB239D1CBDAD5800700789 /* Cloth.cpp */; };
/* End PBXBuildFile section */

/* Begin PBXCopyFilesBuildPhase section */
		7C690AAF1CBA44FC005650D9 /* CopyFiles */ = {
			isa = PBXCopyFilesBuildPhase;
			buildActionMask = 2147483647;
			dstPath = /usr/share/man/man1/;
			dstSubfolderSpec = 0;
			files = (
			);
			runOnlyForDeploymentPostprocessing = 1;
		};
/* End PBXCopyFilesBuildPhase section */

/* Begin PBXFileReference section */
		7C690AB11CBA44FC005650D9 /* ClothSimulation */ = {isa = PBXFileReference; explicitFileType = "compiled.mach-o.executable"; includeInIndex = 0; path = ClothSimulation; sourceTree = BUILT_PRODUCTS_DIR; };
		7C690AB41CBA44FC005650D9 /* main.cpp */ = {isa = PBXFileReference; lastKnownFileType = sourcecode.cpp.cpp; path = main.cpp; sourceTree = "<group>"; };
		7C690ABB1CBA450B005650D9 /* OpenGL.framework */ = {isa = PBXFileReference; lastKnownFileType = wrapper.framework; name = OpenGL.framework; path = System/Library/Frameworks/OpenGL.framework; sourceTree = SDKROOT; };
		7C690ABD1CBA451C005650D9 /* GLUT.framework */ = {isa = PBXFileReference; lastKnownFileType = wrapper.framework; name = GLUT.framework; path = System/Library/Frameworks/GLUT.framework; sourceTree = SDKROOT; };
		7C690ABF1CBA4522005650D9 /* Cocoa.framework */ = {isa = PBXFileReference; lastKnownFileType = wrapper.framework; name = Cocoa.framework; path = System/Library/Frameworks/Cocoa.framework; sourceTree = SDKROOT; };
		7C690AC21CBA45B8005650D9 /* Particle.cpp */ = {isa = PBXFileReference; fileEncoding = 4; lastKnownFileType = sourcecode.cpp.cpp; path = Particle.cpp; sourceTree = "<group>"; };
		7C690AC31CBA45B8005650D9 /* Particle.h */ = {isa = PBXFileReference; fileEncoding = 4; lastKnownFileType = sourcecode.c.h; path = Particle.h; sourceTree = "<group>"; };
		7C690AC51CBA45CA005650D9 /* Spring.cpp */ = {isa = PBXFileReference; fileEncoding = 4; lastKnownFileType = sourcecode.cpp.cpp; path = Spring.cpp; sourceTree = "<group>"; };
		7C690AC61CBA45CA005650D9 /* Spring.h */ = {isa = PBXFileReference; fileEncoding = 4; lastKnownFileType = sourcecode.c.h; path = Spring.h; sourceTree = "<group>"; };
		7C690AD01CBACD27005650D9 /* geometry.cc */ = {isa = PBXFileReference; fileEncoding = 4; lastKnownFileType = sourcecode.cpp.cpp; path = geometry.cc; sourceTree = "<group>"; };
		7C690AD11CBACD27005650D9 /* geometry.h */ = {isa = PBXFileReference; fileEncoding = 4; lastKnownFileType = sourcecode.c.h; path = geometry.h; sourceTree = "<group>"; };
		7CEB239D1CBDAD5800700789 /* Cloth.cpp */ = {isa = PBXFileReference; fileEncoding = 4; lastKnownFileType = sourcecode.cpp.cpp; path = Cloth.cpp; sourceTree = "<group>"; };
		7CEB239E1CBDAD5800700789 /* Cloth.h */ = {isa = PBXFileReference; fileEncoding = 4; lastKnownFileType = sourcecode.c.h; path = Cloth.h; sourceTree = "<group>"; };
/* End PBXFileReference section */

/* Begin PBXFrameworksBuildPhase section */
		7C690AAE1CBA44FC005650D9 /* Frameworks */ = {
			isa = PBXFrameworksBuildPhase;
			buildActionMask = 2147483647;
			files = (
				7C690AC01CBA4522005650D9 /* Cocoa.framework in Frameworks */,
				7C690ABE1CBA451C005650D9 /* GLUT.framework in Frameworks */,
				7C690ABC1CBA450B005650D9 /* OpenGL.framework in Frameworks */,
			);
			runOnlyForDeploymentPostprocessing = 0;
		};
/* End PBXFrameworksBuildPhase section */

/* Begin PBXGroup section */
		7C690AA81CBA44FC005650D9 = {
			isa = PBXGroup;
			children = (
				7C690AC11CBA4582005650D9 /* Models */,
				7C690ABF1CBA4522005650D9 /* Cocoa.framework */,
				7C690ABD1CBA451C005650D9 /* GLUT.framework */,
				7C690ABB1CBA450B005650D9 /* OpenGL.framework */,
				7C690AB31CBA44FC005650D9 /* ClothSimulation */,
				7C690AB21CBA44FC005650D9 /* Products */,
			);
			sourceTree = "<group>";
		};
		7C690AB21CBA44FC005650D9 /* Products */ = {
			isa = PBXGroup;
			children = (
				7C690AB11CBA44FC005650D9 /* ClothSimulation */,
			);
			name = Products;
			sourceTree = "<group>";
		};
		7C690AB31CBA44FC005650D9 /* ClothSimulation */ = {
			isa = PBXGroup;
			children = (
				7C690AB41CBA44FC005650D9 /* main.cpp */,
			);
			path = ClothSimulation;
			sourceTree = "<group>";
		};
		7C690AC11CBA4582005650D9 /* Models */ = {
			isa = PBXGroup;
			children = (
				7C690AC21CBA45B8005650D9 /* Particle.cpp */,
				7C690AC31CBA45B8005650D9 /* Particle.h */,
				7C690AC51CBA45CA005650D9 /* Spring.cpp */,
				7C690AC61CBA45CA005650D9 /* Spring.h */,
				7C690AD01CBACD27005650D9 /* geometry.cc */,
				7C690AD11CBACD27005650D9 /* geometry.h */,
				7CEB239D1CBDAD5800700789 /* Cloth.cpp */,
				7CEB239E1CBDAD5800700789 /* Cloth.h */,
			);
			name = Models;
			sourceTree = "<group>";
		};
/* End PBXGroup section */

/* Begin PBXNativeTarget section */
		7C690AB01CBA44FC005650D9 /* ClothSimulation */ = {
			isa = PBXNativeTarget;
			buildConfigurationList = 7C690AB81CBA44FC005650D9 /* Build configuration list for PBXNativeTarget "ClothSimulation" */;
			buildPhases = (
				7C690AAD1CBA44FC005650D9 /* Sources */,
				7C690AAE1CBA44FC005650D9 /* Frameworks */,
				7C690AAF1CBA44FC005650D9 /* CopyFiles */,
			);
			buildRules = (
			);
			dependencies = (
			);
			name = ClothSimulation;
			productName = ClothSimulation;
			productReference = 7C690AB11CBA44FC005650D9 /* ClothSimulation */;
			productType = "com.apple.product-type.tool";
		};
/* End PBXNativeTarget section */

/* Begin PBXProject section */
		7C690AA91CBA44FC005650D9 /* Project object */ = {
			isa = PBXProject;
			attributes = {
				LastUpgradeCheck = 0730;
				ORGANIZATIONNAME = "Amanda Yin";
				TargetAttributes = {
					7C690AB01CBA44FC005650D9 = {
						CreatedOnToolsVersion = 7.3;
					};
				};
			};
			buildConfigurationList = 7C690AAC1CBA44FC005650D9 /* Build configuration list for PBXProject "ClothSimulation" */;
			compatibilityVersion = "Xcode 3.2";
			developmentRegion = English;
			hasScannedForEncodings = 0;
			knownRegions = (
				en,
			);
			mainGroup = 7C690AA81CBA44FC005650D9;
			productRefGroup = 7C690AB21CBA44FC005650D9 /* Products */;
			projectDirPath = "";
			projectRoot = "";
			targets = (
				7C690AB01CBA44FC005650D9 /* ClothSimulation */,
			);
		};
/* End PBXProject section */

/* Begin PBXSourcesBuildPhase section */
		7C690AAD1CBA44FC005650D9 /* Sources */ = {
			isa = PBXSourcesBuildPhase;
			buildActionMask = 2147483647;
			files = (
				7C690AB51CBA44FC005650D9 /* main.cpp in Sources */,
				7C690AD21CBACD27005650D9 /* geometry.cc in Sources */,
				7CEB239F1CBDAD5800700789 /* Cloth.cpp in Sources */,
				7C690AC71CBA45CA005650D9 /* Spring.cpp in Sources */,
				7C690AC41CBA45B8005650D9 /* Particle.cpp in Sources */,
			);
			runOnlyForDeploymentPostprocessing = 0;
		};
/* End PBXSourcesBuildPhase section */

/* Begin XCBuildConfiguration section */
		7C690AB61CBA44FC005650D9 /* Debug */ = {
			isa = XCBuildConfiguration;
			buildSettings = {
				ALWAYS_SEARCH_USER_PATHS = NO;
				CLANG_ANALYZER_NONNULL = YES;
				CLANG_CXX_LANGUAGE_STANDARD = "gnu++0x";
				CLANG_CXX_LIBRARY = "libc++";
				CLANG_ENABLE_MODULES = YES;
				CLANG_ENABLE_OBJC_ARC = YES;
				CLANG_WARN_BOOL_CONVERSION = YES;
				CLANG_WARN_CONSTANT_CONVERSION = YES;
				CLANG_WARN_DIRECT_OBJC_ISA_USAGE = YES_ERROR;
				CLANG_WARN_EMPTY_BODY = YES;
				CLANG_WARN_ENUM_CONVERSION = YES;
				CLANG_WARN_INT_CONVERSION = YES;
				CLANG_WARN_OBJC_ROOT_CLASS = YES_ERROR;
				CLANG_WARN_UNREACHABLE_CODE = YES;
				CLANG_WARN__DUPLICATE_METHOD_MATCH = YES;
				CODE_SIGN_IDENTITY = "-";
				COPY_PHASE_STRIP = NO;
				DEBUG_INFORMATION_FORMAT = dwarf;
				ENABLE_STRICT_OBJC_MSGSEND = YES;
				ENABLE_TESTABILITY = YES;
				GCC_C_LANGUAGE_STANDARD = gnu99;
				GCC_DYNAMIC_NO_PIC = NO;
				GCC_NO_COMMON_BLOCKS = YES;
				GCC_OPTIMIZATION_LEVEL = 0;
				GCC_PREPROCESSOR_DEFINITIONS = (
					"DEBUG=1",
					"$(inherited)",
				);
				GCC_WARN_64_TO_32_BIT_CONVERSION = YES;
				GCC_WARN_ABOUT_RETURN_TYPE = YES_ERROR;
				GCC_WARN_UNDECLARED_SELECTOR = YES;
				GCC_WARN_UNINITIALIZED_AUTOS = YES_AGGRESSIVE;
				GCC_WARN_UNUSED_FUNCTION = YES;
				GCC_WARN_UNUSED_VARIABLE = YES;
				MACOSX_DEPLOYMENT_TARGET = 10.11;
				MTL_ENABLE_DEBUG_INFO = YES;
				ONLY_ACTIVE_ARCH = YES;
				SDKROOT = macosx;
			};
			name = Debug;
		};
		7C690AB71CBA44FC005650D9 /* Release */ = {
			isa = XCBuildConfiguration;
			buildSettings = {
				ALWAYS_SEARCH_USER_PATHS = NO;
				CLANG_ANALYZER_NONNULL = YES;
				CLANG_CXX_LANGUAGE_STANDARD = "gnu++0x";
				CLANG_CXX_LIBRARY = "libc++";
				CLANG_ENABLE_MODULES = YES;
				CLANG_ENABLE_OBJC_ARC = YES;
				CLANG_WARN_BOOL_CONVERSION = YES;
				CLANG_WARN_CONSTANT_CONVERSION = YES;
				CLANG_WARN_DIRECT_OBJC_ISA_USAGE = YES_ERROR;
				CLANG_WARN_EMPTY_BODY = YES;
				CLANG_WARN_ENUM_CONVERSION = YES;
				CLANG_WARN_INT_CONVERSION = YES;
				CLANG_WARN_OBJC_ROOT_CLASS = YES_ERROR;
				CLANG_WARN_UNREACHABLE_CODE = YES;
				CLANG_WARN__DUPLICATE_METHOD_MATCH = YES;
				CODE_SIGN_IDENTITY = "-";
				COPY_PHASE_STRIP = NO;
				DEBUG_INFORMATION_FORMAT = "dwarf-with-dsym";
				ENABLE_NS_ASSERTIONS = NO;
				ENABLE_STRICT_OBJC_MSGSEND = YES;
				GCC_C_LANGUAGE_STANDARD = gnu99;
				GCC_NO_COMMON_BLOCKS = YES;
				GCC_WARN_64_TO_32_BIT_CONVERSION = YES;
				GCC_WARN_ABOUT_RETURN_TYPE = YES_ERROR;
				GCC_WARN_UNDECLARED_SELECTOR = YES;
				GCC_WARN_UNINITIALIZED_AUTOS = YES_AGGRESSIVE;
				GCC_WARN_UNUSED_FUNCTION = YES;
				GCC_WARN_UNUSED_VARIABLE = YES;
				MACOSX_DEPLOYMENT_TARGET = 10.11;
				MTL_ENABLE_DEBUG_INFO = NO;
				SDKROOT = macosx;
			};
			name = Release;
		};
		7C690AB91CBA44FC005650D9 /* Debug */ = {
			isa = XCBuildConfiguration;
			buildSettings = {
				PRODUCT_NAME = "$(TARGET_NAME)";
			};
			name = Debug;
		};
		7C690ABA1CBA44FC005650D9 /* Release */ = {
			isa = XCBuildConfiguration;
			buildSettings = {
				PRODUCT_NAME = "$(TARGET_NAME)";
			};
			name = Release;
		};
/* End XCBuildConfiguration section */

/* Begin XCConfigurationList section */
		7C690AAC1CBA44FC005650D9 /* Build configuration list for PBXProject "ClothSimulation" */ = {
			isa = XCConfigurationList;
			buildConfigurations = (
				7C690AB61CBA44FC005650D9 /* Debug */,
				7C690AB71CBA44FC005650D9 /* Release */,
			);
			defaultConfigurationIsVisible = 0;
			defaultConfigurationName = Release;
		};
		7C690AB81CBA44FC005650D9 /* Build configuration list for PBXNativeTarget "ClothSimulation" */ = {
			isa = XCConfigurationList;
			buildConfigurations = (
				7C690AB91CBA44FC005650D9 /* Debug */,
				7C690ABA1CBA44FC005650D9 /* Release */,
			);
			defaultConfigurationIsVisible = 0;
			defaultConfigurationName = Release;
		};
/* End XCConfigurationList section */
	};
	rootObject = 7C690AA91CBA44FC005650D9 /* Project object */;
}
